
Microsoft Visual Studio Solution File, Format Version 12.00
# Visual Studio Version 17
VisualStudioVersion = 17.9.34407.89
MinimumVisualStudioVersion = 10.0.40219.1
Project("{9A19103F-16F7-4668-BE54-9A1E7A4F7556}") = "Ticket.Api", "Ticket.Api\Ticket.Api.csproj", "{7B0105F0-FD74-4BBC-8FA5-A0EA065FC214}"
EndProject
Project("{FAE04EC0-301F-11D3-BF4B-00C04F79EFBC}") = "Ticket.Api.Tests", "Ticket.Api.Tests\Ticket.Api.Tests.csproj", "{E98F52B6-5EE7-4698-9290-D476DD191BEE}"
EndProject
Global
	GlobalSection(SolutionConfigurationPlatforms) = preSolution
		Debug|Any CPU = Debug|Any CPU
		Release|Any CPU = Release|Any CPU
	EndGlobalSection
	GlobalSection(ProjectConfigurationPlatforms) = postSolution
		{7B0105F0-FD74-4BBC-8FA5-A0EA065FC214}.Debug|Any CPU.ActiveCfg = Debug|Any CPU
		{7B0105F0-FD74-4BBC-8FA5-A0EA065FC214}.Debug|Any CPU.Build.0 = Debug|Any CPU
		{7B0105F0-FD74-4BBC-8FA5-A0EA065FC214}.Release|Any CPU.ActiveCfg = Release|Any CPU
		{7B0105F0-FD74-4BBC-8FA5-A0EA065FC214}.Release|Any CPU.Build.0 = Release|Any CPU
		{E98F52B6-5EE7-4698-9290-D476DD191BEE}.Debug|Any CPU.ActiveCfg = Debug|Any CPU
		{E98F52B6-5EE7-4698-9290-D476DD191BEE}.Debug|Any CPU.Build.0 = Debug|Any CPU
		{E98F52B6-5EE7-4698-9290-D476DD191BEE}.Release|Any CPU.ActiveCfg = Release|Any CPU
		{E98F52B6-5EE7-4698-9290-D476DD191BEE}.Release|Any CPU.Build.0 = Release|Any CPU
	EndGlobalSection
	GlobalSection(SolutionProperties) = preSolution
		HideSolutionNode = FALSE
	EndGlobalSection
	GlobalSection(ExtensibilityGlobals) = postSolution
		SolutionGuid = {55B7A017-947B-49A7-A779-04EE626B223C}
	EndGlobalSection
EndGlobal
